
Microsoft Visual Studio Solution File, Format Version 12.00
# Visual Studio 15
VisualStudioVersion = 15.0.27703.2042
MinimumVisualStudioVersion = 10.0.40219.1
Project("{8BC9CEB8-8B4A-11D0-8D11-00A0C91BC942}") = "HGRA401", "HGRA401\HGRA401.vcxproj", "{CD4D9FF7-5392-48BF-8336-DE51F22D6D69}"
EndProject
Global
	GlobalSection(SolutionConfigurationPlatforms) = preSolution
		Debug|x64 = Debug|x64
		Debug|x86 = Debug|x86
		Release|x64 = Release|x64
		Release|x86 = Release|x86
	EndGlobalSection
	GlobalSection(ProjectConfigurationPlatforms) = postSolution
		{CD4D9FF7-5392-48BF-8336-DE51F22D6D69}.Debug|x64.ActiveCfg = Debug|x64
		{CD4D9FF7-5392-48BF-8336-DE51F22D6D69}.Debug|x64.Build.0 = Debug|x64
		{CD4D9FF7-5392-48BF-8336-DE51F22D6D69}.Debug|x86.ActiveCfg = Debug|Win32
		{CD4D9FF7-5392-48BF-8336-DE51F22D6D69}.Debug|x86.Build.0 = Debug|Win32
		{CD4D9FF7-5392-48BF-8336-DE51F22D6D69}.Release|x64.ActiveCfg = Release|x64
		{CD4D9FF7-5392-48BF-8336-DE51F22D6D69}.Release|x64.Build.0 = Release|x64
		{CD4D9FF7-5392-48BF-8336-DE51F22D6D69}.Release|x86.ActiveCfg = Release|Win32
		{CD4D9FF7-5392-48BF-8336-DE51F22D6D69}.Release|x86.Build.0 = Release|Win32
	EndGlobalSection
	GlobalSection(SolutionProperties) = preSolution
		HideSolutionNode = FALSE
	EndGlobalSection
	GlobalSection(ExtensibilityGlobals) = postSolution
		SolutionGuid = {12F203CA-8BA2-4DE4-B730-205ACE284ED0}
	EndGlobalSection
EndGlobal
